
Microsoft Visual Studio Solution File, Format Version 12.00
# Visual Studio Version 16
VisualStudioVersion = 16.0.32002.261
MinimumVisualStudioVersion = 10.0.40219.1
Project("{FAE04EC0-301F-11D3-BF4B-00C04F79EFBC}") = "IntexCrash", "IntexCrash.csproj", "{CBC118F3-CB39-4F33-92ED-8AF84B73B73E}"
EndProject
Global
	GlobalSection(SolutionConfigurationPlatforms) = preSolution
		Debug|Any CPU = Debug|Any CPU
		Release|Any CPU = Release|Any CPU
	EndGlobalSection
	GlobalSection(ProjectConfigurationPlatforms) = postSolution
		{CBC118F3-CB39-4F33-92ED-8AF84B73B73E}.Debug|Any CPU.ActiveCfg = Debug|Any CPU
		{CBC118F3-CB39-4F33-92ED-8AF84B73B73E}.Debug|Any CPU.Build.0 = Debug|Any CPU
		{CBC118F3-CB39-4F33-92ED-8AF84B73B73E}.Release|Any CPU.ActiveCfg = Release|Any CPU
		{CBC118F3-CB39-4F33-92ED-8AF84B73B73E}.Release|Any CPU.Build.0 = Release|Any CPU
	EndGlobalSection
	GlobalSection(SolutionProperties) = preSolution
		HideSolutionNode = FALSE
	EndGlobalSection
	GlobalSection(ExtensibilityGlobals) = postSolution
		SolutionGuid = {9E1315BE-BB54-4C97-9A5F-14AE3C30AC32}
	EndGlobalSection
EndGlobal
